
Microsoft Visual Studio Solution File, Format Version 12.00
# Visual Studio Version 16
VisualStudioVersion = 16.0.31410.357
MinimumVisualStudioVersion = 10.0.40219.1
Project("{FAE04EC0-301F-11D3-BF4B-00C04F79EFBC}") = "NJ06LINQ-Employees", "NJ06LINQ-Employees\NJ06LINQ-Employees.csproj", "{E67584C0-A9F6-4009-AE81-42D4FAC09E40}"
EndProject
Global
	GlobalSection(SolutionConfigurationPlatforms) = preSolution
		Debug|Any CPU = Debug|Any CPU
		Release|Any CPU = Release|Any CPU
	EndGlobalSection
	GlobalSection(ProjectConfigurationPlatforms) = postSolution
		{E67584C0-A9F6-4009-AE81-42D4FAC09E40}.Debug|Any CPU.ActiveCfg = Debug|Any CPU
		{E67584C0-A9F6-4009-AE81-42D4FAC09E40}.Debug|Any CPU.Build.0 = Debug|Any CPU
		{E67584C0-A9F6-4009-AE81-42D4FAC09E40}.Release|Any CPU.ActiveCfg = Release|Any CPU
		{E67584C0-A9F6-4009-AE81-42D4FAC09E40}.Release|Any CPU.Build.0 = Release|Any CPU
	EndGlobalSection
	GlobalSection(SolutionProperties) = preSolution
		HideSolutionNode = FALSE
	EndGlobalSection
	GlobalSection(ExtensibilityGlobals) = postSolution
		SolutionGuid = {CF76A32A-B583-4D21-B872-AC07009EEDE8}
	EndGlobalSection
EndGlobal
